
Microsoft Visual Studio Solution File, Format Version 12.00
# Visual Studio 15
VisualStudioVersion = 15.0.27428.2027
MinimumVisualStudioVersion = 10.0.40219.1
Project("{FAE04EC0-301F-11D3-BF4B-00C04F79EFBC}") = "PacMan", "PacMan\PacMan.csproj", "{6AC00ACE-E4C9-48B9-8CF2-C961F40167AE}"
EndProject
Global
	GlobalSection(SolutionConfigurationPlatforms) = preSolution
		Debug|Any CPU = Debug|Any CPU
		Release|Any CPU = Release|Any CPU
	EndGlobalSection
	GlobalSection(ProjectConfigurationPlatforms) = postSolution
		{6AC00ACE-E4C9-48B9-8CF2-C961F40167AE}.Debug|Any CPU.ActiveCfg = Debug|Any CPU
		{6AC00ACE-E4C9-48B9-8CF2-C961F40167AE}.Debug|Any CPU.Build.0 = Debug|Any CPU
		{6AC00ACE-E4C9-48B9-8CF2-C961F40167AE}.Release|Any CPU.ActiveCfg = Release|Any CPU
		{6AC00ACE-E4C9-48B9-8CF2-C961F40167AE}.Release|Any CPU.Build.0 = Release|Any CPU
	EndGlobalSection
	GlobalSection(SolutionProperties) = preSolution
		HideSolutionNode = FALSE
	EndGlobalSection
	GlobalSection(ExtensibilityGlobals) = postSolution
		SolutionGuid = {C670140F-4006-454E-A8C8-011F609F6348}
	EndGlobalSection
EndGlobal
